{
  "originHash" : "ee4a48470d7634db754e474293a377e97eac15e9e2758785dd722590f9255c68",
  "pins" : [
    {
      "identity" : "bezelkit",
      "kind" : "remoteSourceControl",
      "location" : "https://github.com/markbattistella/BezelKit",
      "state" : {
        "revision" : "bfa3e305a418096ce9d159b178330b49e46699e8",
        "version" : "4.0.0"
      }
    },
    {
      "identity" : "posthog-ios",
      "kind" : "remoteSourceControl",
      "location" : "https://github.com/PostHog/posthog-ios",
      "state" : {
        "revision" : "6532c136877c44d7c96a351303122a5a7fc67c1a",
        "version" : "3.30.0"
      }
    }
  ],
  "version" : 3
}
